
Microsoft Visual Studio Solution File, Format Version 12.00
# Visual Studio 15
VisualStudioVersion = 15.0.26124.0
MinimumVisualStudioVersion = 15.0.26124.0
Project("{2150E333-8FDC-42A3-9474-1A3956D46DE8}") = "src", "src", "{2F3E198E-2F38-4CFB-A0E6-141537FFC766}"
EndProject
Project("{FAE04EC0-301F-11D3-BF4B-00C04F79EFBC}") = "HowTo.Common", "src\HowTo.Common\HowTo.Common.csproj", "{7835F2E8-79BB-447E-AABD-75F51B98D743}"
EndProject
Project("{FAE04EC0-301F-11D3-BF4B-00C04F79EFBC}") = "HowTo.Benchmark", "src\HowTo.Benchmark\HowTo.Benchmark.csproj", "{47BF080B-E937-4616-BC5B-36873806192B}"
EndProject
Project("{2150E333-8FDC-42A3-9474-1A3956D46DE8}") = "test", "test", "{05C274C4-57C9-4D0C-B16A-E4CEACF047BD}"
EndProject
Project("{FAE04EC0-301F-11D3-BF4B-00C04F79EFBC}") = "HowTo.Common.Tests", "test\HowTo.Common.Tests\HowTo.Common.Tests.csproj", "{8AB9D396-EC3E-4D99-890B-CC4896796833}"
EndProject
Project("{FAE04EC0-301F-11D3-BF4B-00C04F79EFBC}") = "HowTo.GarbageCollection", "src\HowTo.GarbageCollection\HowTo.GarbageCollection.csproj", "{EDC96AE8-34D5-4F9B-BBD1-0BCDC37432B2}"
EndProject
Project("{FAE04EC0-301F-11D3-BF4B-00C04F79EFBC}") = "HowTo.Parser", "src\HowTo.Parser\HowTo.Parser.csproj", "{2A4B6271-F3BE-421E-A40F-6F38ABEC434B}"
EndProject
Global
	GlobalSection(SolutionConfigurationPlatforms) = preSolution
		Debug|Any CPU = Debug|Any CPU
		Debug|x64 = Debug|x64
		Debug|x86 = Debug|x86
		Release|Any CPU = Release|Any CPU
		Release|x64 = Release|x64
		Release|x86 = Release|x86
	EndGlobalSection
	GlobalSection(SolutionProperties) = preSolution
		HideSolutionNode = FALSE
	EndGlobalSection
	GlobalSection(ProjectConfigurationPlatforms) = postSolution
		{7835F2E8-79BB-447E-AABD-75F51B98D743}.Debug|Any CPU.ActiveCfg = Debug|Any CPU
		{7835F2E8-79BB-447E-AABD-75F51B98D743}.Debug|Any CPU.Build.0 = Debug|Any CPU
		{7835F2E8-79BB-447E-AABD-75F51B98D743}.Debug|x64.ActiveCfg = Debug|Any CPU
		{7835F2E8-79BB-447E-AABD-75F51B98D743}.Debug|x64.Build.0 = Debug|Any CPU
		{7835F2E8-79BB-447E-AABD-75F51B98D743}.Debug|x86.ActiveCfg = Debug|Any CPU
		{7835F2E8-79BB-447E-AABD-75F51B98D743}.Debug|x86.Build.0 = Debug|Any CPU
		{7835F2E8-79BB-447E-AABD-75F51B98D743}.Release|Any CPU.ActiveCfg = Release|Any CPU
		{7835F2E8-79BB-447E-AABD-75F51B98D743}.Release|Any CPU.Build.0 = Release|Any CPU
		{7835F2E8-79BB-447E-AABD-75F51B98D743}.Release|x64.ActiveCfg = Release|Any CPU
		{7835F2E8-79BB-447E-AABD-75F51B98D743}.Release|x64.Build.0 = Release|Any CPU
		{7835F2E8-79BB-447E-AABD-75F51B98D743}.Release|x86.ActiveCfg = Release|Any CPU
		{7835F2E8-79BB-447E-AABD-75F51B98D743}.Release|x86.Build.0 = Release|Any CPU
		{47BF080B-E937-4616-BC5B-36873806192B}.Debug|Any CPU.ActiveCfg = Debug|Any CPU
		{47BF080B-E937-4616-BC5B-36873806192B}.Debug|Any CPU.Build.0 = Debug|Any CPU
		{47BF080B-E937-4616-BC5B-36873806192B}.Debug|x64.ActiveCfg = Debug|Any CPU
		{47BF080B-E937-4616-BC5B-36873806192B}.Debug|x64.Build.0 = Debug|Any CPU
		{47BF080B-E937-4616-BC5B-36873806192B}.Debug|x86.ActiveCfg = Debug|Any CPU
		{47BF080B-E937-4616-BC5B-36873806192B}.Debug|x86.Build.0 = Debug|Any CPU
		{47BF080B-E937-4616-BC5B-36873806192B}.Release|Any CPU.ActiveCfg = Release|Any CPU
		{47BF080B-E937-4616-BC5B-36873806192B}.Release|Any CPU.Build.0 = Release|Any CPU
		{47BF080B-E937-4616-BC5B-36873806192B}.Release|x64.ActiveCfg = Release|Any CPU
		{47BF080B-E937-4616-BC5B-36873806192B}.Release|x64.Build.0 = Release|Any CPU
		{47BF080B-E937-4616-BC5B-36873806192B}.Release|x86.ActiveCfg = Release|Any CPU
		{47BF080B-E937-4616-BC5B-36873806192B}.Release|x86.Build.0 = Release|Any CPU
		{8AB9D396-EC3E-4D99-890B-CC4896796833}.Debug|Any CPU.ActiveCfg = Debug|Any CPU
		{8AB9D396-EC3E-4D99-890B-CC4896796833}.Debug|Any CPU.Build.0 = Debug|Any CPU
		{8AB9D396-EC3E-4D99-890B-CC4896796833}.Debug|x64.ActiveCfg = Debug|Any CPU
		{8AB9D396-EC3E-4D99-890B-CC4896796833}.Debug|x64.Build.0 = Debug|Any CPU
		{8AB9D396-EC3E-4D99-890B-CC4896796833}.Debug|x86.ActiveCfg = Debug|Any CPU
		{8AB9D396-EC3E-4D99-890B-CC4896796833}.Debug|x86.Build.0 = Debug|Any CPU
		{8AB9D396-EC3E-4D99-890B-CC4896796833}.Release|Any CPU.ActiveCfg = Release|Any CPU
		{8AB9D396-EC3E-4D99-890B-CC4896796833}.Release|Any CPU.Build.0 = Release|Any CPU
		{8AB9D396-EC3E-4D99-890B-CC4896796833}.Release|x64.ActiveCfg = Release|Any CPU
		{8AB9D396-EC3E-4D99-890B-CC4896796833}.Release|x64.Build.0 = Release|Any CPU
		{8AB9D396-EC3E-4D99-890B-CC4896796833}.Release|x86.ActiveCfg = Release|Any CPU
		{8AB9D396-EC3E-4D99-890B-CC4896796833}.Release|x86.Build.0 = Release|Any CPU
		{EDC96AE8-34D5-4F9B-BBD1-0BCDC37432B2}.Debug|Any CPU.ActiveCfg = Debug|Any CPU
		{EDC96AE8-34D5-4F9B-BBD1-0BCDC37432B2}.Debug|Any CPU.Build.0 = Debug|Any CPU
		{EDC96AE8-34D5-4F9B-BBD1-0BCDC37432B2}.Debug|x64.ActiveCfg = Debug|Any CPU
		{EDC96AE8-34D5-4F9B-BBD1-0BCDC37432B2}.Debug|x64.Build.0 = Debug|Any CPU
		{EDC96AE8-34D5-4F9B-BBD1-0BCDC37432B2}.Debug|x86.ActiveCfg = Debug|Any CPU
		{EDC96AE8-34D5-4F9B-BBD1-0BCDC37432B2}.Debug|x86.Build.0 = Debug|Any CPU
		{EDC96AE8-34D5-4F9B-BBD1-0BCDC37432B2}.Release|Any CPU.ActiveCfg = Release|Any CPU
		{EDC96AE8-34D5-4F9B-BBD1-0BCDC37432B2}.Release|Any CPU.Build.0 = Release|Any CPU
		{EDC96AE8-34D5-4F9B-BBD1-0BCDC37432B2}.Release|x64.ActiveCfg = Release|Any CPU
		{EDC96AE8-34D5-4F9B-BBD1-0BCDC37432B2}.Release|x64.Build.0 = Release|Any CPU
		{EDC96AE8-34D5-4F9B-BBD1-0BCDC37432B2}.Release|x86.ActiveCfg = Release|Any CPU
		{EDC96AE8-34D5-4F9B-BBD1-0BCDC37432B2}.Release|x86.Build.0 = Release|Any CPU
		{2A4B6271-F3BE-421E-A40F-6F38ABEC434B}.Debug|Any CPU.ActiveCfg = Debug|Any CPU
		{2A4B6271-F3BE-421E-A40F-6F38ABEC434B}.Debug|Any CPU.Build.0 = Debug|Any CPU
		{2A4B6271-F3BE-421E-A40F-6F38ABEC434B}.Debug|x64.ActiveCfg = Debug|Any CPU
		{2A4B6271-F3BE-421E-A40F-6F38ABEC434B}.Debug|x64.Build.0 = Debug|Any CPU
		{2A4B6271-F3BE-421E-A40F-6F38ABEC434B}.Debug|x86.ActiveCfg = Debug|Any CPU
		{2A4B6271-F3BE-421E-A40F-6F38ABEC434B}.Debug|x86.Build.0 = Debug|Any CPU
		{2A4B6271-F3BE-421E-A40F-6F38ABEC434B}.Release|Any CPU.ActiveCfg = Release|Any CPU
		{2A4B6271-F3BE-421E-A40F-6F38ABEC434B}.Release|Any CPU.Build.0 = Release|Any CPU
		{2A4B6271-F3BE-421E-A40F-6F38ABEC434B}.Release|x64.ActiveCfg = Release|Any CPU
		{2A4B6271-F3BE-421E-A40F-6F38ABEC434B}.Release|x64.Build.0 = Release|Any CPU
		{2A4B6271-F3BE-421E-A40F-6F38ABEC434B}.Release|x86.ActiveCfg = Release|Any CPU
		{2A4B6271-F3BE-421E-A40F-6F38ABEC434B}.Release|x86.Build.0 = Release|Any CPU
	EndGlobalSection
	GlobalSection(NestedProjects) = preSolution
		{7835F2E8-79BB-447E-AABD-75F51B98D743} = {2F3E198E-2F38-4CFB-A0E6-141537FFC766}
		{47BF080B-E937-4616-BC5B-36873806192B} = {2F3E198E-2F38-4CFB-A0E6-141537FFC766}
		{8AB9D396-EC3E-4D99-890B-CC4896796833} = {05C274C4-57C9-4D0C-B16A-E4CEACF047BD}
		{EDC96AE8-34D5-4F9B-BBD1-0BCDC37432B2} = {2F3E198E-2F38-4CFB-A0E6-141537FFC766}
		{2A4B6271-F3BE-421E-A40F-6F38ABEC434B} = {2F3E198E-2F38-4CFB-A0E6-141537FFC766}
	EndGlobalSection
EndGlobal
